// !$*UTF8*$!
{
	archiveVersion = 1;
	classes = {
	};
	objectVersion = 46;
	objects = {

/* Begin PBXBuildFile section */
		0019A53218C44C2E00C4C03F /* libios_ngn_stack.a in Frameworks */ = {isa = PBXBuildFile; fileRef = 0019A52318C44C2E00C4C03F /* libios_ngn_stack.a */; };
		0019A53318C44C2E00C4C03F /* libtinyDAV.a in Frameworks */ = {isa = PBXBuildFile; fileRef = 0019A52418C44C2E00C4C03F /* libtinyDAV.a */; };
		0019A53418C44C2E00C4C03F /* libtinyHTTP.a in Frameworks */ = {isa = PBXBuildFile; fileRef = 0019A52518C44C2E00C4C03F /* libtinyHTTP.a */; };
		0019A53518C44C2E00C4C03F /* libtinyIPSec.a in Frameworks */ = {isa = PBXBuildFile; fileRef = 0019A52618C44C2E00C4C03F /* libtinyIPSec.a */; };
		0019A53618C44C2E00C4C03F /* libtinyMEDIA.a in Frameworks */ = {isa = PBXBuildFile; fileRef = 0019A52718C44C2E00C4C03F /* libtinyMEDIA.a */; };
		0019A53718C44C2E00C4C03F /* libtinyMSRP.a in Frameworks */ = {isa = PBXBuildFile; fileRef = 0019A52818C44C2E00C4C03F /* libtinyMSRP.a */; };
		0019A53818C44C2E00C4C03F /* libtinyNET.a in Frameworks */ = {isa = PBXBuildFile; fileRef = 0019A52918C44C2E00C4C03F /* libtinyNET.a */; };
		0019A53918C44C2E00C4C03F /* libtinyRTP.a in Frameworks */ = {isa = PBXBuildFile; fileRef = 0019A52A18C44C2E00C4C03F /* libtinyRTP.a */; };
		0019A53A18C44C2E00C4C03F /* libtinySAK.a in Frameworks */ = {isa = PBXBuildFile; fileRef = 0019A52B18C44C2E00C4C03F /* libtinySAK.a */; };
		0019A53B18C44C2E00C4C03F /* libtinySDP.a in Frameworks */ = {isa = PBXBuildFile; fileRef = 0019A52C18C44C2E00C4C03F /* libtinySDP.a */; };
		0019A53C18C44C2E00C4C03F /* libtinySIGCOMP.a in Frameworks */ = {isa = PBXBuildFile; fileRef = 0019A52D18C44C2E00C4C03F /* libtinySIGCOMP.a */; };
		0019A53D18C44C2E00C4C03F /* libtinySIP.a in Frameworks */ = {isa = PBXBuildFile; fileRef = 0019A52E18C44C2E00C4C03F /* libtinySIP.a */; };
		0019A53E18C44C2E00C4C03F /* libtinySMS.a in Frameworks */ = {isa = PBXBuildFile; fileRef = 0019A52F18C44C2E00C4C03F /* libtinySMS.a */; };
		0019A53F18C44C2E00C4C03F /* libtinyWRAP.a in Frameworks */ = {isa = PBXBuildFile; fileRef = 0019A53018C44C2E00C4C03F /* libtinyWRAP.a */; };
		0019A54018C44C2E00C4C03F /* libtinyXCAP.a in Frameworks */ = {isa = PBXBuildFile; fileRef = 0019A53118C44C2E00C4C03F /* libtinyXCAP.a */; };
		00327D3618C42EB400FAC905 /* Foundation.framework in Frameworks */ = {isa = PBXBuildFile; fileRef = 00327D3518C42EB400FAC905 /* Foundation.framework */; };
		00327D3818C42EB400FAC905 /* CoreGraphics.framework in Frameworks */ = {isa = PBXBuildFile; fileRef = 00327D3718C42EB400FAC905 /* CoreGraphics.framework */; };
		00327D3A18C42EB400FAC905 /* UIKit.framework in Frameworks */ = {isa = PBXBuildFile; fileRef = 00327D3918C42EB400FAC905 /* UIKit.framework */; };
		00327D4018C42EB400FAC905 /* InfoPlist.strings in Resources */ = {isa = PBXBuildFile; fileRef = 00327D3E18C42EB400FAC905 /* InfoPlist.strings */; };
		00327D4218C42EB400FAC905 /* main.m in Sources */ = {isa = PBXBuildFile; fileRef = 00327D4118C42EB400FAC905 /* main.m */; };
		00327D4618C42EB400FAC905 /* AppDelegate.m in Sources */ = {isa = PBXBuildFile; fileRef = 00327D4518C42EB400FAC905 /* AppDelegate.m */; };
		00327D4918C42EB400FAC905 /* Main.storyboard in Resources */ = {isa = PBXBuildFile; fileRef = 00327D4718C42EB400FAC905 /* Main.storyboard */; };
		00327D4C18C42EB400FAC905 /* ViewController.m in Sources */ = {isa = PBXBuildFile; fileRef = 00327D4B18C42EB400FAC905 /* ViewController.m */; };
		00327D4E18C42EB400FAC905 /* Images.xcassets in Resources */ = {isa = PBXBuildFile; fileRef = 00327D4D18C42EB400FAC905 /* Images.xcassets */; };
		00327D5518C42EB400FAC905 /* XCTest.framework in Frameworks */ = {isa = PBXBuildFile; fileRef = 00327D5418C42EB400FAC905 /* XCTest.framework */; };
		00327D5618C42EB400FAC905 /* Foundation.framework in Frameworks */ = {isa = PBXBuildFile; fileRef = 00327D3518C42EB400FAC905 /* Foundation.framework */; };
		00327D5718C42EB400FAC905 /* UIKit.framework in Frameworks */ = {isa = PBXBuildFile; fileRef = 00327D3918C42EB400FAC905 /* UIKit.framework */; };
		00327D5F18C42EB400FAC905 /* InfoPlist.strings in Resources */ = {isa = PBXBuildFile; fileRef = 00327D5D18C42EB400FAC905 /* InfoPlist.strings */; };
		00327D6118C42EB400FAC905 /* TTTTTTests.m in Sources */ = {isa = PBXBuildFile; fileRef = 00327D6018C42EB400FAC905 /* TTTTTTests.m */; };
/* End PBXBuildFile section */

/* Begin PBXContainerItemProxy section */
		00327D5818C42EB400FAC905 /* PBXContainerItemProxy */ = {
			isa = PBXContainerItemProxy;
			containerPortal = 00327D2A18C42EB400FAC905 /* Project object */;
			proxyType = 1;
			remoteGlobalIDString = 00327D3118C42EB400FAC905;
			remoteInfo = TTTTT;
		};
/* End PBXContainerItemProxy section */

/* Begin PBXFileReference section */
		0019A52318C44C2E00C4C03F /* libios_ngn_stack.a */ = {isa = PBXFileReference; lastKnownFileType = archive.ar; path = libios_ngn_stack.a; sourceTree = "<group>"; };
		0019A52418C44C2E00C4C03F /* libtinyDAV.a */ = {isa = PBXFileReference; lastKnownFileType = archive.ar; path = libtinyDAV.a; sourceTree = "<group>"; };
		0019A52518C44C2E00C4C03F /* libtinyHTTP.a */ = {isa = PBXFileReference; lastKnownFileType = archive.ar; path = libtinyHTTP.a; sourceTree = "<group>"; };
		0019A52618C44C2E00C4C03F /* libtinyIPSec.a */ = {isa = PBXFileReference; lastKnownFileType = archive.ar; path = libtinyIPSec.a; sourceTree = "<group>"; };
		0019A52718C44C2E00C4C03F /* libtinyMEDIA.a */ = {isa = PBXFileReference; lastKnownFileType = archive.ar; path = libtinyMEDIA.a; sourceTree = "<group>"; };
		0019A52818C44C2E00C4C03F /* libtinyMSRP.a */ = {isa = PBXFileReference; lastKnownFileType = archive.ar; path = libtinyMSRP.a; sourceTree = "<group>"; };
		0019A52918C44C2E00C4C03F /* libtinyNET.a */ = {isa = PBXFileReference; lastKnownFileType = archive.ar; path = libtinyNET.a; sourceTree = "<group>"; };
		0019A52A18C44C2E00C4C03F /* libtinyRTP.a */ = {isa = PBXFileReference; lastKnownFileType = archive.ar; path = libtinyRTP.a; sourceTree = "<group>"; };
		0019A52B18C44C2E00C4C03F /* libtinySAK.a */ = {isa = PBXFileReference; lastKnownFileType = archive.ar; path = libtinySAK.a; sourceTree = "<group>"; };
		0019A52C18C44C2E00C4C03F /* libtinySDP.a */ = {isa = PBXFileReference; lastKnownFileType = archive.ar; path = libtinySDP.a; sourceTree = "<group>"; };
		0019A52D18C44C2E00C4C03F /* libtinySIGCOMP.a */ = {isa = PBXFileReference; lastKnownFileType = archive.ar; path = libtinySIGCOMP.a; sourceTree = "<group>"; };
		0019A52E18C44C2E00C4C03F /* libtinySIP.a */ = {isa = PBXFileReference; lastKnownFileType = archive.ar; path = libtinySIP.a; sourceTree = "<group>"; };
		0019A52F18C44C2E00C4C03F /* libtinySMS.a */ = {isa = PBXFileReference; lastKnownFileType = archive.ar; path = libtinySMS.a; sourceTree = "<group>"; };
		0019A53018C44C2E00C4C03F /* libtinyWRAP.a */ = {isa = PBXFileReference; lastKnownFileType = archive.ar; path = libtinyWRAP.a; sourceTree = "<group>"; };
		0019A53118C44C2E00C4C03F /* libtinyXCAP.a */ = {isa = PBXFileReference; lastKnownFileType = archive.ar; path = libtinyXCAP.a; sourceTree = "<group>"; };
		00327D3218C42EB400FAC905 /* TTTTT.app */ = {isa = PBXFileReference; explicitFileType = wrapper.application; includeInIndex = 0; path = TTTTT.app; sourceTree = BUILT_PRODUCTS_DIR; };
		00327D3518C42EB400FAC905 /* Foundation.framework */ = {isa = PBXFileReference; lastKnownFileType = wrapper.framework; name = Foundation.framework; path = System/Library/Frameworks/Foundation.framework; sourceTree = SDKROOT; };
		00327D3718C42EB400FAC905 /* CoreGraphics.framework */ = {isa = PBXFileReference; lastKnownFileType = wrapper.framework; name = CoreGraphics.framework; path = System/Library/Frameworks/CoreGraphics.framework; sourceTree = SDKROOT; };
		00327D3918C42EB400FAC905 /* UIKit.framework */ = {isa = PBXFileReference; lastKnownFileType = wrapper.framework; name = UIKit.framework; path = System/Library/Frameworks/UIKit.framework; sourceTree = SDKROOT; };
		00327D3D18C42EB400FAC905 /* TTTTT-Info.plist */ = {isa = PBXFileReference; lastKnownFileType = text.plist.xml; path = "TTTTT-Info.plist"; sourceTree = "<group>"; };
		00327D3F18C42EB400FAC905 /* en */ = {isa = PBXFileReference; lastKnownFileType = text.plist.strings; name = en; path = en.lproj/InfoPlist.strings; sourceTree = "<group>"; };
		00327D4118C42EB400FAC905 /* main.m */ = {isa = PBXFileReference; lastKnownFileType = sourcecode.c.objc; path = main.m; sourceTree = "<group>"; };
		00327D4318C42EB400FAC905 /* TTTTT-Prefix.pch */ = {isa = PBXFileReference; lastKnownFileType = sourcecode.c.h; path = "TTTTT-Prefix.pch"; sourceTree = "<group>"; };
		00327D4418C42EB400FAC905 /* AppDelegate.h */ = {isa = PBXFileReference; lastKnownFileType = sourcecode.c.h; path = AppDelegate.h; sourceTree = "<group>"; };
		00327D4518C42EB400FAC905 /* AppDelegate.m */ = {isa = PBXFileReference; lastKnownFileType = sourcecode.c.objc; path = AppDelegate.m; sourceTree = "<group>"; };
		00327D4818C42EB400FAC905 /* Base */ = {isa = PBXFileReference; lastKnownFileType = file.storyboard; name = Base; path = Base.lproj/Main.storyboard; sourceTree = "<group>"; };
		00327D4A18C42EB400FAC905 /* ViewController.h */ = {isa = PBXFileReference; lastKnownFileType = sourcecode.c.h; path = ViewController.h; sourceTree = "<group>"; };
		00327D4B18C42EB400FAC905 /* ViewController.m */ = {isa = PBXFileReference; lastKnownFileType = sourcecode.c.objc; path = ViewController.m; sourceTree = "<group>"; };
		00327D4D18C42EB400FAC905 /* Images.xcassets */ = {isa = PBXFileReference; lastKnownFileType = folder.assetcatalog; path = Images.xcassets; sourceTree = "<group>"; };
		00327D5318C42EB400FAC905 /* TTTTTTests.xctest */ = {isa = PBXFileReference; explicitFileType = wrapper.cfbundle; includeInIndex = 0; path = TTTTTTests.xctest; sourceTree = BUILT_PRODUCTS_DIR; };
		00327D5418C42EB400FAC905 /* XCTest.framework */ = {isa = PBXFileReference; lastKnownFileType = wrapper.framework; name = XCTest.framework; path = Library/Frameworks/XCTest.framework; sourceTree = DEVELOPER_DIR; };
		00327D5C18C42EB400FAC905 /* TTTTTTests-Info.plist */ = {isa = PBXFileReference; lastKnownFileType = text.plist.xml; path = "TTTTTTests-Info.plist"; sourceTree = "<group>"; };
		00327D5E18C42EB400FAC905 /* en */ = {isa = PBXFileReference; lastKnownFileType = text.plist.strings; name = en; path = en.lproj/InfoPlist.strings; sourceTree = "<group>"; };
		00327D6018C42EB400FAC905 /* TTTTTTests.m */ = {isa = PBXFileReference; lastKnownFileType = sourcecode.c.objc; path = TTTTTTests.m; sourceTree = "<group>"; };
/* End PBXFileReference section */

/* Begin PBXFrameworksBuildPhase section */
		00327D2F18C42EB400FAC905 /* Frameworks */ = {
			isa = PBXFrameworksBuildPhase;
			buildActionMask = 2147483647;
			files = (
				0019A53C18C44C2E00C4C03F /* libtinySIGCOMP.a in Frameworks */,
				0019A53F18C44C2E00C4C03F /* libtinyWRAP.a in Frameworks */,
				0019A53D18C44C2E00C4C03F /* libtinySIP.a in Frameworks */,
				0019A53618C44C2E00C4C03F /* libtinyMEDIA.a in Frameworks */,
				0019A53A18C44C2E00C4C03F /* libtinySAK.a in Frameworks */,
				0019A53718C44C2E00C4C03F /* libtinyMSRP.a in Frameworks */,
				0019A53518C44C2E00C4C03F /* libtinyIPSec.a in Frameworks */,
				00327D3818C42EB400FAC905 /* CoreGraphics.framework in Frameworks */,
				0019A53418C44C2E00C4C03F /* libtinyHTTP.a in Frameworks */,
				0019A53318C44C2E00C4C03F /* libtinyDAV.a in Frameworks */,
				0019A53E18C44C2E00C4C03F /* libtinySMS.a in Frameworks */,
				0019A53B18C44C2E00C4C03F /* libtinySDP.a in Frameworks */,
				0019A53918C44C2E00C4C03F /* libtinyRTP.a in Frameworks */,
				0019A54018C44C2E00C4C03F /* libtinyXCAP.a in Frameworks */,
				00327D3A18C42EB400FAC905 /* UIKit.framework in Frameworks */,
				0019A53218C44C2E00C4C03F /* libios_ngn_stack.a in Frameworks */,
				00327D3618C42EB400FAC905 /* Foundation.framework in Frameworks */,
				0019A53818C44C2E00C4C03F /* libtinyNET.a in Frameworks */,
			);
			runOnlyForDeploymentPostprocessing = 0;
		};
		00327D5018C42EB400FAC905 /* Frameworks */ = {
			isa = PBXFrameworksBuildPhase;
			buildActionMask = 2147483647;
			files = (
				00327D5518C42EB400FAC905 /* XCTest.framework in Frameworks */,
				00327D5718C42EB400FAC905 /* UIKit.framework in Frameworks */,
				00327D5618C42EB400FAC905 /* Foundation.framework in Frameworks */,
			);
			runOnlyForDeploymentPostprocessing = 0;
		};
/* End PBXFrameworksBuildPhase section */

/* Begin PBXGroup section */
		0019A52218C44C2E00C4C03F /* 模拟器静态库 */ = {
			isa = PBXGroup;
			children = (
				0019A52318C44C2E00C4C03F /* libios_ngn_stack.a */,
				0019A52418C44C2E00C4C03F /* libtinyDAV.a */,
				0019A52518C44C2E00C4C03F /* libtinyHTTP.a */,
				0019A52618C44C2E00C4C03F /* libtinyIPSec.a */,
				0019A52718C44C2E00C4C03F /* libtinyMEDIA.a */,
				0019A52818C44C2E00C4C03F /* libtinyMSRP.a */,
				0019A52918C44C2E00C4C03F /* libtinyNET.a */,
				0019A52A18C44C2E00C4C03F /* libtinyRTP.a */,
				0019A52B18C44C2E00C4C03F /* libtinySAK.a */,
				0019A52C18C44C2E00C4C03F /* libtinySDP.a */,
				0019A52D18C44C2E00C4C03F /* libtinySIGCOMP.a */,
				0019A52E18C44C2E00C4C03F /* libtinySIP.a */,
				0019A52F18C44C2E00C4C03F /* libtinySMS.a */,
				0019A53018C44C2E00C4C03F /* libtinyWRAP.a */,
				0019A53118C44C2E00C4C03F /* libtinyXCAP.a */,
			);
			path = "模拟器静态库";
			sourceTree = "<group>";
		};
		00327D2918C42EB400FAC905 = {
			isa = PBXGroup;
			children = (
				00327D3B18C42EB400FAC905 /* TTTTT */,
				00327D5A18C42EB400FAC905 /* TTTTTTests */,
				00327D3418C42EB400FAC905 /* Frameworks */,
				00327D3318C42EB400FAC905 /* Products */,
			);
			sourceTree = "<group>";
		};
		00327D3318C42EB400FAC905 /* Products */ = {
			isa = PBXGroup;
			children = (
				00327D3218C42EB400FAC905 /* TTTTT.app */,
				00327D5318C42EB400FAC905 /* TTTTTTests.xctest */,
			);
			name = Products;
			sourceTree = "<group>";
		};
		00327D3418C42EB400FAC905 /* Frameworks */ = {
			isa = PBXGroup;
			children = (
				00327D3518C42EB400FAC905 /* Foundation.framework */,
				00327D3718C42EB400FAC905 /* CoreGraphics.framework */,
				00327D3918C42EB400FAC905 /* UIKit.framework */,
				00327D5418C42EB400FAC905 /* XCTest.framework */,
			);
			name = Frameworks;
			sourceTree = "<group>";
		};
		00327D3B18C42EB400FAC905 /* TTTTT */ = {
			isa = PBXGroup;
			children = (
				00327D4418C42EB400FAC905 /* AppDelegate.h */,
				00327D4518C42EB400FAC905 /* AppDelegate.m */,
				00327D4718C42EB400FAC905 /* Main.storyboard */,
				00327D4A18C42EB400FAC905 /* ViewController.h */,
				00327D4B18C42EB400FAC905 /* ViewController.m */,
				0019A52218C44C2E00C4C03F /* 模拟器静态库 */,
				00327D4D18C42EB400FAC905 /* Images.xcassets */,
				00327D3C18C42EB400FAC905 /* Supporting Files */,
			);
			path = TTTTT;
			sourceTree = "<group>";
		};
		00327D3C18C42EB400FAC905 /* Supporting Files */ = {
			isa = PBXGroup;
			children = (
				00327D3D18C42EB400FAC905 /* TTTTT-Info.plist */,
				00327D3E18C42EB400FAC905 /* InfoPlist.strings */,
				00327D4118C42EB400FAC905 /* main.m */,
				00327D4318C42EB400FAC905 /* TTTTT-Prefix.pch */,
			);
			name = "Supporting Files";
			sourceTree = "<group>";
		};
		00327D5A18C42EB400FAC905 /* TTTTTTests */ = {
			isa = PBXGroup;
			children = (
				00327D6018C42EB400FAC905 /* TTTTTTests.m */,
				00327D5B18C42EB400FAC905 /* Supporting Files */,
			);
			path = TTTTTTests;
			sourceTree = "<group>";
		};
		00327D5B18C42EB400FAC905 /* Supporting Files */ = {
			isa = PBXGroup;
			children = (
				00327D5C18C42EB400FAC905 /* TTTTTTests-Info.plist */,
				00327D5D18C42EB400FAC905 /* InfoPlist.strings */,
			);
			name = "Supporting Files";
			sourceTree = "<group>";
		};
/* End PBXGroup section */

/* Begin PBXNativeTarget section */
		00327D3118C42EB400FAC905 /* TTTTT */ = {
			isa = PBXNativeTarget;
			buildConfigurationList = 00327D6418C42EB400FAC905 /* Build configuration list for PBXNativeTarget "TTTTT" */;
			buildPhases = (
				00327D2E18C42EB400FAC905 /* Sources */,
				00327D2F18C42EB400FAC905 /* Frameworks */,
				00327D3018C42EB400FAC905 /* Resources */,
			);
			buildRules = (
			);
			dependencies = (
			);
			name = TTTTT;
			productName = TTTTT;
			productReference = 00327D3218C42EB400FAC905 /* TTTTT.app */;
			productType = "com.apple.product-type.application";
		};
		00327D5218C42EB400FAC905 /* TTTTTTests */ = {
			isa = PBXNativeTarget;
			buildConfigurationList = 00327D6718C42EB400FAC905 /* Build configuration list for PBXNativeTarget "TTTTTTests" */;
			buildPhases = (
				00327D4F18C42EB400FAC905 /* Sources */,
				00327D5018C42EB400FAC905 /* Frameworks */,
				00327D5118C42EB400FAC905 /* Resources */,
			);
			buildRules = (
			);
			dependencies = (
				00327D5918C42EB400FAC905 /* PBXTargetDependency */,
			);
			name = TTTTTTests;
			productName = TTTTTTests;
			productReference = 00327D5318C42EB400FAC905 /* TTTTTTests.xctest */;
			productType = "com.apple.product-type.bundle.unit-test";
		};
/* End PBXNativeTarget section */

/* Begin PBXProject section */
		00327D2A18C42EB400FAC905 /* Project object */ = {
			isa = PBXProject;
			attributes = {
				LastUpgradeCheck = 0500;
				ORGANIZATIONNAME = yihui;
				TargetAttributes = {
					00327D5218C42EB400FAC905 = {
						TestTargetID = 00327D3118C42EB400FAC905;
					};
				};
			};
			buildConfigurationList = 00327D2D18C42EB400FAC905 /* Build configuration list for PBXProject "TTTTT" */;
			compatibilityVersion = "Xcode 3.2";
			developmentRegion = English;
			hasScannedForEncodings = 0;
			knownRegions = (
				en,
				Base,
			);
			mainGroup = 00327D2918C42EB400FAC905;
			productRefGroup = 00327D3318C42EB400FAC905 /* Products */;
			projectDirPath = "";
			projectRoot = "";
			targets = (
				00327D3118C42EB400FAC905 /* TTTTT */,
				00327D5218C42EB400FAC905 /* TTTTTTests */,
			);
		};
/* End PBXProject section */

/* Begin PBXResourcesBuildPhase section */
		00327D3018C42EB400FAC905 /* Resources */ = {
			isa = PBXResourcesBuildPhase;
			buildActionMask = 2147483647;
			files = (
				00327D4E18C42EB400FAC905 /* Images.xcassets in Resources */,
				00327D4018C42EB400FAC905 /* InfoPlist.strings in Resources */,
				00327D4918C42EB400FAC905 /* Main.storyboard in Resources */,
			);
			runOnlyForDeploymentPostprocessing = 0;
		};
		00327D5118C42EB400FAC905 /* Resources */ = {
			isa = PBXResourcesBuildPhase;
			buildActionMask = 2147483647;
			files = (
				00327D5F18C42EB400FAC905 /* InfoPlist.strings in Resources */,
			);
			runOnlyForDeploymentPostprocessing = 0;
		};
/* End PBXResourcesBuildPhase section */

/* Begin PBXSourcesBuildPhase section */
		00327D2E18C42EB400FAC905 /* Sources */ = {
			isa = PBXSourcesBuildPhase;
			buildActionMask = 2147483647;
			files = (
				00327D4C18C42EB400FAC905 /* ViewController.m in Sources */,
				00327D4618C42EB400FAC905 /* AppDelegate.m in Sources */,
				00327D4218C42EB400FAC905 /* main.m in Sources */,
			);
			runOnlyForDeploymentPostprocessing = 0;
		};
		00327D4F18C42EB400FAC905 /* Sources */ = {
			isa = PBXSourcesBuildPhase;
			buildActionMask = 2147483647;
			files = (
				00327D6118C42EB400FAC905 /* TTTTTTests.m in Sources */,
			);
			runOnlyForDeploymentPostprocessing = 0;
		};
/* End PBXSourcesBuildPhase section */

/* Begin PBXTargetDependency section */
		00327D5918C42EB400FAC905 /* PBXTargetDependency */ = {
			isa = PBXTargetDependency;
			target = 00327D3118C42EB400FAC905 /* TTTTT */;
			targetProxy = 00327D5818C42EB400FAC905 /* PBXContainerItemProxy */;
		};
/* End PBXTargetDependency section */

/* Begin PBXVariantGroup section */
		00327D3E18C42EB400FAC905 /* InfoPlist.strings */ = {
			isa = PBXVariantGroup;
			children = (
				00327D3F18C42EB400FAC905 /* en */,
			);
			name = InfoPlist.strings;
			sourceTree = "<group>";
		};
		00327D4718C42EB400FAC905 /* Main.storyboard */ = {
			isa = PBXVariantGroup;
			children = (
				00327D4818C42EB400FAC905 /* Base */,
			);
			name = Main.storyboard;
			sourceTree = "<group>";
		};
		00327D5D18C42EB400FAC905 /* InfoPlist.strings */ = {
			isa = PBXVariantGroup;
			children = (
				00327D5E18C42EB400FAC905 /* en */,
			);
			name = InfoPlist.strings;
			sourceTree = "<group>";
		};
/* End PBXVariantGroup section */

/* Begin XCBuildConfiguration section */
		00327D6218C42EB400FAC905 /* Debug */ = {
			isa = XCBuildConfiguration;
			buildSettings = {
				ALWAYS_SEARCH_USER_PATHS = NO;
				ARCHS = "$(ARCHS_STANDARD_INCLUDING_64_BIT)";
				CLANG_CXX_LANGUAGE_STANDARD = "gnu++0x";
				CLANG_CXX_LIBRARY = "libc++";
				CLANG_ENABLE_MODULES = YES;
				CLANG_ENABLE_OBJC_ARC = YES;
				CLANG_WARN_BOOL_CONVERSION = YES;
				CLANG_WARN_CONSTANT_CONVERSION = YES;
				CLANG_WARN_DIRECT_OBJC_ISA_USAGE = YES_ERROR;
				CLANG_WARN_EMPTY_BODY = YES;
				CLANG_WARN_ENUM_CONVERSION = YES;
				CLANG_WARN_INT_CONVERSION = YES;
				CLANG_WARN_OBJC_ROOT_CLASS = YES_ERROR;
				CLANG_WARN__DUPLICATE_METHOD_MATCH = YES;
				"CODE_SIGN_IDENTITY[sdk=iphoneos*]" = "iPhone Developer";
				COPY_PHASE_STRIP = NO;
				GCC_C_LANGUAGE_STANDARD = gnu99;
				GCC_DYNAMIC_NO_PIC = NO;
				GCC_OPTIMIZATION_LEVEL = 0;
				GCC_PREPROCESSOR_DEFINITIONS = (
					"DEBUG=1",
					"$(inherited)",
				);
				GCC_SYMBOLS_PRIVATE_EXTERN = NO;
				GCC_WARN_64_TO_32_BIT_CONVERSION = YES;
				GCC_WARN_ABOUT_RETURN_TYPE = YES_ERROR;
				GCC_WARN_UNDECLARED_SELECTOR = YES;
				GCC_WARN_UNINITIALIZED_AUTOS = YES;
				GCC_WARN_UNUSED_FUNCTION = YES;
				GCC_WARN_UNUSED_VARIABLE = YES;
				IPHONEOS_DEPLOYMENT_TARGET = 7.0;
				ONLY_ACTIVE_ARCH = YES;
				SDKROOT = iphoneos;
			};
			name = Debug;
		};
		00327D6318C42EB400FAC905 /* Release */ = {
			isa = XCBuildConfiguration;
			buildSettings = {
				ALWAYS_SEARCH_USER_PATHS = NO;
				ARCHS = "$(ARCHS_STANDARD_INCLUDING_64_BIT)";
				CLANG_CXX_LANGUAGE_STANDARD = "gnu++0x";
				CLANG_CXX_LIBRARY = "libc++";
				CLANG_ENABLE_MODULES = YES;
				CLANG_ENABLE_OBJC_ARC = YES;
				CLANG_WARN_BOOL_CONVERSION = YES;
				CLANG_WARN_CONSTANT_CONVERSION = YES;
				CLANG_WARN_DIRECT_OBJC_ISA_USAGE = YES_ERROR;
				CLANG_WARN_EMPTY_BODY = YES;
				CLANG_WARN_ENUM_CONVERSION = YES;
				CLANG_WARN_INT_CONVERSION = YES;
				CLANG_WARN_OBJC_ROOT_CLASS = YES_ERROR;
				CLANG_WARN__DUPLICATE_METHOD_MATCH = YES;
				"CODE_SIGN_IDENTITY[sdk=iphoneos*]" = "iPhone Developer";
				COPY_PHASE_STRIP = YES;
				ENABLE_NS_ASSERTIONS = NO;
				GCC_C_LANGUAGE_STANDARD = gnu99;
				GCC_WARN_64_TO_32_BIT_CONVERSION = YES;
				GCC_WARN_ABOUT_RETURN_TYPE = YES_ERROR;
				GCC_WARN_UNDECLARED_SELECTOR = YES;
				GCC_WARN_UNINITIALIZED_AUTOS = YES;
				GCC_WARN_UNUSED_FUNCTION = YES;
				GCC_WARN_UNUSED_VARIABLE = YES;
				IPHONEOS_DEPLOYMENT_TARGET = 7.0;
				SDKROOT = iphoneos;
				VALIDATE_PRODUCT = YES;
			};
			name = Release;
		};
		00327D6518C42EB400FAC905 /* Debug */ = {
			isa = XCBuildConfiguration;
			buildSettings = {
				ASSETCATALOG_COMPILER_APPICON_NAME = AppIcon;
				ASSETCATALOG_COMPILER_LAUNCHIMAGE_NAME = LaunchImage;
				GCC_PRECOMPILE_PREFIX_HEADER = YES;
				GCC_PREFIX_HEADER = "TTTTT/TTTTT-Prefix.pch";
				INFOPLIST_FILE = "TTTTT/TTTTT-Info.plist";
				LIBRARY_SEARCH_PATHS = (
					"$(inherited)",
					"/Users/zhangyihui/Desktop/develop-zhangyihui/TTTTT/TTTTT/模拟器静态库",
				);
				PRODUCT_NAME = "$(TARGET_NAME)";
				WRAPPER_EXTENSION = app;
			};
			name = Debug;
		};
		00327D6618C42EB400FAC905 /* Release */ = {
			isa = XCBuildConfiguration;
			buildSettings = {
				ASSETCATALOG_COMPILER_APPICON_NAME = AppIcon;
				ASSETCATALOG_COMPILER_LAUNCHIMAGE_NAME = LaunchImage;
				GCC_PRECOMPILE_PREFIX_HEADER = YES;
				GCC_PREFIX_HEADER = "TTTTT/TTTTT-Prefix.pch";
				INFOPLIST_FILE = "TTTTT/TTTTT-Info.plist";
				LIBRARY_SEARCH_PATHS = (
					"$(inherited)",
					"/Users/zhangyihui/Desktop/develop-zhangyihui/TTTTT/TTTTT/模拟器静态库",
				);
				PRODUCT_NAME = "$(TARGET_NAME)";
				WRAPPER_EXTENSION = app;
			};
			name = Release;
		};
		00327D6818C42EB400FAC905 /* Debug */ = {
			isa = XCBuildConfiguration;
			buildSettings = {
				ARCHS = "$(ARCHS_STANDARD_INCLUDING_64_BIT)";
				BUNDLE_LOADER = "$(BUILT_PRODUCTS_DIR)/TTTTT.app/TTTTT";
				FRAMEWORK_SEARCH_PATHS = (
					"$(SDKROOT)/Developer/Library/Frameworks",
					"$(inherited)",
					"$(DEVELOPER_FRAMEWORKS_DIR)",
				);
				GCC_PRECOMPILE_PREFIX_HEADER = YES;
				GCC_PREFIX_HEADER = "TTTTT/TTTTT-Prefix.pch";
				GCC_PREPROCESSOR_DEFINITIONS = (
					"DEBUG=1",
					"$(inherited)",
				);
				INFOPLIST_FILE = "TTTTTTests/TTTTTTests-Info.plist";
				PRODUCT_NAME = "$(TARGET_NAME)";
				TEST_HOST = "$(BUNDLE_LOADER)";
				WRAPPER_EXTENSION = xctest;
			};
			name = Debug;
		};
		00327D6918C42EB400FAC905 /* Release */ = {
			isa = XCBuildConfiguration;
			buildSettings = {
				ARCHS = "$(ARCHS_STANDARD_INCLUDING_64_BIT)";
				BUNDLE_LOADER = "$(BUILT_PRODUCTS_DIR)/TTTTT.app/TTTTT";
				FRAMEWORK_SEARCH_PATHS = (
					"$(SDKROOT)/Developer/Library/Frameworks",
					"$(inherited)",
					"$(DEVELOPER_FRAMEWORKS_DIR)",
				);
				GCC_PRECOMPILE_PREFIX_HEADER = YES;
				GCC_PREFIX_HEADER = "TTTTT/TTTTT-Prefix.pch";
				INFOPLIST_FILE = "TTTTTTests/TTTTTTests-Info.plist";
				PRODUCT_NAME = "$(TARGET_NAME)";
				TEST_HOST = "$(BUNDLE_LOADER)";
				WRAPPER_EXTENSION = xctest;
			};
			name = Release;
		};
/* End XCBuildConfiguration section */

/* Begin XCConfigurationList section */
		00327D2D18C42EB400FAC905 /* Build configuration list for PBXProject "TTTTT" */ = {
			isa = XCConfigurationList;
			buildConfigurations = (
				00327D6218C42EB400FAC905 /* Debug */,
				00327D6318C42EB400FAC905 /* Release */,
			);
			defaultConfigurationIsVisible = 0;
			defaultConfigurationName = Release;
		};
		00327D6418C42EB400FAC905 /* Build configuration list for PBXNativeTarget "TTTTT" */ = {
			isa = XCConfigurationList;
			buildConfigurations = (
				00327D6518C42EB400FAC905 /* Debug */,
				00327D6618C42EB400FAC905 /* Release */,
			);
			defaultConfigurationIsVisible = 0;
			defaultConfigurationName = Release;
		};
		00327D6718C42EB400FAC905 /* Build configuration list for PBXNativeTarget "TTTTTTests" */ = {
			isa = XCConfigurationList;
			buildConfigurations = (
				00327D6818C42EB400FAC905 /* Debug */,
				00327D6918C42EB400FAC905 /* Release */,
			);
			defaultConfigurationIsVisible = 0;
			defaultConfigurationName = Release;
		};
/* End XCConfigurationList section */
	};
	rootObject = 00327D2A18C42EB400FAC905 /* Project object */;
}
